
Microsoft Visual Studio Solution File, Format Version 12.00
# Visual Studio 14
VisualStudioVersion = 14.0.25420.1
MinimumVisualStudioVersion = 10.0.40219.1
Project("{FAE04EC0-301F-11D3-BF4B-00C04F79EFBC}") = "minimal", "minimal.csproj", "{8ED2D88B-2C73-4E99-AF7E-F44D64A4D22E}"
EndProject
Project("{2150E333-8FDC-42A3-9474-1A3956D46DE8}") = "Solution Items", "Solution Items", "{A0CD21E1-6FEF-4C74-B682-87413B8A1D6D}"
EndProject
Global
	GlobalSection(SolutionConfigurationPlatforms) = preSolution
		Debug|Any CPU = Debug|Any CPU
		Release|Any CPU = Release|Any CPU
	EndGlobalSection
	GlobalSection(ProjectConfigurationPlatforms) = postSolution
		{8ED2D88B-2C73-4E99-AF7E-F44D64A4D22E}.Debug|Any CPU.ActiveCfg = Debug|Any CPU
		{8ED2D88B-2C73-4E99-AF7E-F44D64A4D22E}.Debug|Any CPU.Build.0 = Debug|Any CPU
		{8ED2D88B-2C73-4E99-AF7E-F44D64A4D22E}.Release|Any CPU.ActiveCfg = Release|Any CPU
		{8ED2D88B-2C73-4E99-AF7E-F44D64A4D22E}.Release|Any CPU.Build.0 = Release|Any CPU
	EndGlobalSection
	GlobalSection(SolutionProperties) = preSolution
		HideSolutionNode = FALSE
	EndGlobalSection
	GlobalSection(TeamFoundationVersionControl) = preSolution
		SccNumberOfProjects = 2
		SccEnterpriseProvider = {4CA58AB2-18FA-4F8D-95D4-32DDF27D184C}
		SccTeamFoundationServer = https://ryanmcc.visualstudio.com/
		SccLocalPath0 = .
		SccProjectUniqueName1 = minimal.csproj
		SccLocalPath1 = .
	EndGlobalSection
EndGlobal
